hash: 42638b6118b8d2dd580727e355a5900b628fe3b12649a77b35c8d1e48d92f148
updated: 2016-07-21T18:34:44.25125451-07:00
imports:
- name: github.com/golang/freetype
  version: 38b4c392adc5eed94207994c4848fff99f4ac234
  subpackages:
  - truetype
  - raster
- name: github.com/nfnt/resize
  version: 4d93a29130b1b6aba503e2aa8b50f516213ea80e
- name: golang.org/x/image
  version: c348254d65821a0aaca538bf5e7774bb522c1dec
  subpackages:
  - font
  - math/fixed
testImports: []
